
Microsoft Visual Studio Solution File, Format Version 12.00
# Visual Studio Version 17
VisualStudioVersion = 17.14.37314.3
MinimumVisualStudioVersion = 10.0.40219.1
Project("{9A19103F-16F7-4668-BE54-9A1E7A4F7556}") = "NetBoot.Common", "NetBoot.Common\NetBoot.Common.csproj", "{F174DB54-33A4-47FB-8D55-F956D2F0C52F}"
EndProject
Project("{FAE04EC0-301F-11D3-BF4B-00C04F79EFBC}") = "NetBoot.Content", "NetBoot.Content\NetBoot.Content.csproj", "{45F74324-5595-442A-8B43-C92F6B01471A}"
EndProject
Project("{FAE04EC0-301F-11D3-BF4B-00C04F79EFBC}") = "NetBoot.Module.DHCPListener", "NetBoot.Module.DHCPListener\NetBoot.Module.DHCPListener.csproj", "{FF44F62D-3227-4E18-B509-0AC97FBF8929}"
	ProjectSection(ProjectDependencies) = postProject
		{45F74324-5595-442A-8B43-C92F6B01471A} = {45F74324-5595-442A-8B43-C92F6B01471A}
	EndProjectSection
EndProject
Project("{FAE04EC0-301F-11D3-BF4B-00C04F79EFBC}") = "NetBoot.Module.WebSite", "NetBoot.Module.WebSite\NetBoot.Module.WebSite.csproj", "{62DC4D26-B955-46F9-844D-334318F2FABF}"
EndProject
Project("{FAE04EC0-301F-11D3-BF4B-00C04F79EFBC}") = "DHCPListener.BSvcMod.MSWDS", "DHCPListener.BSvcMod.MSWDS\DHCPListener.BSvcMod.MSWDS.csproj", "{652E38EB-9F5D-4FE8-9965-43C6CB9CD49C}"
EndProject
Project("{FAE04EC0-301F-11D3-BF4B-00C04F79EFBC}") = "DHCPListener.BSvcMod.RBCP", "DHCPListener.BSvcMod.RBCP\DHCPListener.BSvcMod.RBCP.csproj", "{61866A31-F3D2-4A86-9BF3-8731D120167D}"
EndProject
Project("{FAE04EC0-301F-11D3-BF4B-00C04F79EFBC}") = "NetBoot.Module.TFTPServer", "NetBoot.Module.TFTPServer\NetBoot.Module.TFTPServer.csproj", "{E93A6D3A-DFB7-42C3-973E-D5DFFFB70CEA}"
EndProject
Project("{FAE04EC0-301F-11D3-BF4B-00C04F79EFBC}") = "DHCPListener.BSvcMod.BSDP", "DHCPListener.BSvcMod.BSDP\DHCPListener.BSvcMod.BSDP.csproj", "{9A80C18B-4F65-6A16-5CFC-1D51E5863D9A}"
EndProject
Project("{FAE04EC0-301F-11D3-BF4B-00C04F79EFBC}") = "DHCPListener.BSvcMod.MSRIS", "DHCPListener.BSvcMod.MSRIS\DHCPListener.BSvcMod.MSRIS.csproj", "{027C30CF-45E3-47E5-BB06-F9504A7BCFFC}"
EndProject
Project("{FAE04EC0-301F-11D3-BF4B-00C04F79EFBC}") = "NetBoot.Utility", "NetBoot.Utility\NetBoot.Utility.csproj", "{229ACBB5-377D-472E-9083-469DC43ADA58}"
	ProjectSection(ProjectDependencies) = postProject
		{027C30CF-45E3-47E5-BB06-F9504A7BCFFC} = {027C30CF-45E3-47E5-BB06-F9504A7BCFFC}
		{45F74324-5595-442A-8B43-C92F6B01471A} = {45F74324-5595-442A-8B43-C92F6B01471A}
	EndProjectSection
EndProject
Project("{FAE04EC0-301F-11D3-BF4B-00C04F79EFBC}") = "NetBoot.Module.BINLListener", "NetBoot.Module.BINLListener\NetBoot.Module.BINLListener.csproj", "{ABD39406-5B02-467F-B4D3-910312A5B3EC}"
EndProject
Project("{FAE04EC0-301F-11D3-BF4B-00C04F79EFBC}") = "NetBoot.Loader", "NetBoot.Loader\NetBoot.Loader.csproj", "{3AE31FC2-AC6E-464C-AE12-9D3390988FCC}"
EndProject
Project("{FAE04EC0-301F-11D3-BF4B-00C04F79EFBC}") = "NetBoot.Tests", "NetBoot.Tests\NetBoot.Tests.csproj", "{AE58AB16-8430-6B18-7E02-05AF982C2EC3}"
EndProject
Project("{FAE04EC0-301F-11D3-BF4B-00C04F79EFBC}") = "NetBoot.NTLM", "NetBoot.NTLM\NetBoot.NTLM.csproj", "{35039EB8-6E5D-4114-B369-610B69E9001B}"
EndProject
Global
	GlobalSection(SolutionConfigurationPlatforms) = preSolution
		Debug|Any CPU = Debug|Any CPU
		Debug|x64 = Debug|x64
		Debug|x86 = Debug|x86
		Release|Any CPU = Release|Any CPU
		Release|x64 = Release|x64
		Release|x86 = Release|x86
	EndGlobalSection
	GlobalSection(ProjectConfigurationPlatforms) = postSolution
		{F174DB54-33A4-47FB-8D55-F956D2F0C52F}.Debug|Any CPU.ActiveCfg = Debug|Any CPU
		{F174DB54-33A4-47FB-8D55-F956D2F0C52F}.Debug|Any CPU.Build.0 = Debug|Any CPU
		{F174DB54-33A4-47FB-8D55-F956D2F0C52F}.Debug|x64.ActiveCfg = Debug|Any CPU
		{F174DB54-33A4-47FB-8D55-F956D2F0C52F}.Debug|x64.Build.0 = Debug|Any CPU
		{F174DB54-33A4-47FB-8D55-F956D2F0C52F}.Debug|x86.ActiveCfg = Debug|Any CPU
		{F174DB54-33A4-47FB-8D55-F956D2F0C52F}.Debug|x86.Build.0 = Debug|Any CPU
		{F174DB54-33A4-47FB-8D55-F956D2F0C52F}.Release|Any CPU.ActiveCfg = Release|Any CPU
		{F174DB54-33A4-47FB-8D55-F956D2F0C52F}.Release|Any CPU.Build.0 = Release|Any CPU
		{F174DB54-33A4-47FB-8D55-F956D2F0C52F}.Release|x64.ActiveCfg = Release|Any CPU
		{F174DB54-33A4-47FB-8D55-F956D2F0C52F}.Release|x64.Build.0 = Release|Any CPU
		{F174DB54-33A4-47FB-8D55-F956D2F0C52F}.Release|x86.ActiveCfg = Release|Any CPU
		{F174DB54-33A4-47FB-8D55-F956D2F0C52F}.Release|x86.Build.0 = Release|Any CPU
		{45F74324-5595-442A-8B43-C92F6B01471A}.Debug|Any CPU.ActiveCfg = Debug|Any CPU
		{45F74324-5595-442A-8B43-C92F6B01471A}.Debug|Any CPU.Build.0 = Debug|Any CPU
		{45F74324-5595-442A-8B43-C92F6B01471A}.Debug|x64.ActiveCfg = Debug|Any CPU
		{45F74324-5595-442A-8B43-C92F6B01471A}.Debug|x64.Build.0 = Debug|Any CPU
		{45F74324-5595-442A-8B43-C92F6B01471A}.Debug|x86.ActiveCfg = Debug|Any CPU
		{45F74324-5595-442A-8B43-C92F6B01471A}.Debug|x86.Build.0 = Debug|Any CPU
		{45F74324-5595-442A-8B43-C92F6B01471A}.Release|Any CPU.ActiveCfg = Release|Any CPU
		{45F74324-5595-442A-8B43-C92F6B01471A}.Release|Any CPU.Build.0 = Release|Any CPU
		{45F74324-5595-442A-8B43-C92F6B01471A}.Release|x64.ActiveCfg = Release|Any CPU
		{45F74324-5595-442A-8B43-C92F6B01471A}.Release|x64.Build.0 = Release|Any CPU
		{45F74324-5595-442A-8B43-C92F6B01471A}.Release|x86.ActiveCfg = Release|Any CPU
		{45F74324-5595-442A-8B43-C92F6B01471A}.Release|x86.Build.0 = Release|Any CPU
		{FF44F62D-3227-4E18-B509-0AC97FBF8929}.Debug|Any CPU.ActiveCfg = Debug|Any CPU
		{FF44F62D-3227-4E18-B509-0AC97FBF8929}.Debug|Any CPU.Build.0 = Debug|Any CPU
		{FF44F62D-3227-4E18-B509-0AC97FBF8929}.Debug|x64.ActiveCfg = Debug|Any CPU
		{FF44F62D-3227-4E18-B509-0AC97FBF8929}.Debug|x64.Build.0 = Debug|Any CPU
		{FF44F62D-3227-4E18-B509-0AC97FBF8929}.Debug|x86.ActiveCfg = Debug|Any CPU
		{FF44F62D-3227-4E18-B509-0AC97FBF8929}.Debug|x86.Build.0 = Debug|Any CPU
		{FF44F62D-3227-4E18-B509-0AC97FBF8929}.Release|Any CPU.ActiveCfg = Release|Any CPU
		{FF44F62D-3227-4E18-B509-0AC97FBF8929}.Release|Any CPU.Build.0 = Release|Any CPU
		{FF44F62D-3227-4E18-B509-0AC97FBF8929}.Release|x64.ActiveCfg = Release|Any CPU
		{FF44F62D-3227-4E18-B509-0AC97FBF8929}.Release|x64.Build.0 = Release|Any CPU
		{FF44F62D-3227-4E18-B509-0AC97FBF8929}.Release|x86.ActiveCfg = Release|Any CPU
		{FF44F62D-3227-4E18-B509-0AC97FBF8929}.Release|x86.Build.0 = Release|Any CPU
		{62DC4D26-B955-46F9-844D-334318F2FABF}.Debug|Any CPU.ActiveCfg = Debug|Any CPU
		{62DC4D26-B955-46F9-844D-334318F2FABF}.Debug|Any CPU.Build.0 = Debug|Any CPU
		{62DC4D26-B955-46F9-844D-334318F2FABF}.Debug|x64.ActiveCfg = Debug|Any CPU
		{62DC4D26-B955-46F9-844D-334318F2FABF}.Debug|x64.Build.0 = Debug|Any CPU
		{62DC4D26-B955-46F9-844D-334318F2FABF}.Debug|x86.ActiveCfg = Debug|Any CPU
		{62DC4D26-B955-46F9-844D-334318F2FABF}.Debug|x86.Build.0 = Debug|Any CPU
		{62DC4D26-B955-46F9-844D-334318F2FABF}.Release|Any CPU.ActiveCfg = Release|Any CPU
		{62DC4D26-B955-46F9-844D-334318F2FABF}.Release|Any CPU.Build.0 = Release|Any CPU
		{62DC4D26-B955-46F9-844D-334318F2FABF}.Release|x64.ActiveCfg = Release|Any CPU
		{62DC4D26-B955-46F9-844D-334318F2FABF}.Release|x64.Build.0 = Release|Any CPU
		{62DC4D26-B955-46F9-844D-334318F2FABF}.Release|x86.ActiveCfg = Release|Any CPU
		{62DC4D26-B955-46F9-844D-334318F2FABF}.Release|x86.Build.0 = Release|Any CPU
		{652E38EB-9F5D-4FE8-9965-43C6CB9CD49C}.Debug|Any CPU.ActiveCfg = Debug|Any CPU
		{652E38EB-9F5D-4FE8-9965-43C6CB9CD49C}.Debug|Any CPU.Build.0 = Debug|Any CPU
		{652E38EB-9F5D-4FE8-9965-43C6CB9CD49C}.Debug|x64.ActiveCfg = Debug|Any CPU
		{652E38EB-9F5D-4FE8-9965-43C6CB9CD49C}.Debug|x64.Build.0 = Debug|Any CPU
		{652E38EB-9F5D-4FE8-9965-43C6CB9CD49C}.Debug|x86.ActiveCfg = Debug|Any CPU
		{652E38EB-9F5D-4FE8-9965-43C6CB9CD49C}.Debug|x86.Build.0 = Debug|Any CPU
		{652E38EB-9F5D-4FE8-9965-43C6CB9CD49C}.Release|Any CPU.ActiveCfg = Release|Any CPU
		{652E38EB-9F5D-4FE8-9965-43C6CB9CD49C}.Release|Any CPU.Build.0 = Release|Any CPU
		{652E38EB-9F5D-4FE8-9965-43C6CB9CD49C}.Release|x64.ActiveCfg = Release|Any CPU
		{652E38EB-9F5D-4FE8-9965-43C6CB9CD49C}.Release|x64.Build.0 = Release|Any CPU
		{652E38EB-9F5D-4FE8-9965-43C6CB9CD49C}.Release|x86.ActiveCfg = Release|Any CPU
		{652E38EB-9F5D-4FE8-9965-43C6CB9CD49C}.Release|x86.Build.0 = Release|Any CPU
		{61866A31-F3D2-4A86-9BF3-8731D120167D}.Debug|Any CPU.ActiveCfg = Debug|Any CPU
		{61866A31-F3D2-4A86-9BF3-8731D120167D}.Debug|Any CPU.Build.0 = Debug|Any CPU
		{61866A31-F3D2-4A86-9BF3-8731D120167D}.Debug|x64.ActiveCfg = Debug|Any CPU
		{61866A31-F3D2-4A86-9BF3-8731D120167D}.Debug|x64.Build.0 = Debug|Any CPU
		{61866A31-F3D2-4A86-9BF3-8731D120167D}.Debug|x86.ActiveCfg = Debug|Any CPU
		{61866A31-F3D2-4A86-9BF3-8731D120167D}.Debug|x86.Build.0 = Debug|Any CPU
		{61866A31-F3D2-4A86-9BF3-8731D120167D}.Release|Any CPU.ActiveCfg = Release|Any CPU
		{61866A31-F3D2-4A86-9BF3-8731D120167D}.Release|Any CPU.Build.0 = Release|Any CPU
		{61866A31-F3D2-4A86-9BF3-8731D120167D}.Release|x64.ActiveCfg = Release|Any CPU
		{61866A31-F3D2-4A86-9BF3-8731D120167D}.Release|x64.Build.0 = Release|Any CPU
		{61866A31-F3D2-4A86-9BF3-8731D120167D}.Release|x86.ActiveCfg = Release|Any CPU
		{61866A31-F3D2-4A86-9BF3-8731D120167D}.Release|x86.Build.0 = Release|Any CPU
		{E93A6D3A-DFB7-42C3-973E-D5DFFFB70CEA}.Debug|Any CPU.ActiveCfg = Debug|Any CPU
		{E93A6D3A-DFB7-42C3-973E-D5DFFFB70CEA}.Debug|Any CPU.Build.0 = Debug|Any CPU
		{E93A6D3A-DFB7-42C3-973E-D5DFFFB70CEA}.Debug|x64.ActiveCfg = Debug|Any CPU
		{E93A6D3A-DFB7-42C3-973E-D5DFFFB70CEA}.Debug|x64.Build.0 = Debug|Any CPU
		{E93A6D3A-DFB7-42C3-973E-D5DFFFB70CEA}.Debug|x86.ActiveCfg = Debug|Any CPU
		{E93A6D3A-DFB7-42C3-973E-D5DFFFB70CEA}.Debug|x86.Build.0 = Debug|Any CPU
		{E93A6D3A-DFB7-42C3-973E-D5DFFFB70CEA}.Release|Any CPU.ActiveCfg = Release|Any CPU
		{E93A6D3A-DFB7-42C3-973E-D5DFFFB70CEA}.Release|Any CPU.Build.0 = Release|Any CPU
		{E93A6D3A-DFB7-42C3-973E-D5DFFFB70CEA}.Release|x64.ActiveCfg = Release|Any CPU
		{E93A6D3A-DFB7-42C3-973E-D5DFFFB70CEA}.Release|x64.Build.0 = Release|Any CPU
		{E93A6D3A-DFB7-42C3-973E-D5DFFFB70CEA}.Release|x86.ActiveCfg = Release|Any CPU
		{E93A6D3A-DFB7-42C3-973E-D5DFFFB70CEA}.Release|x86.Build.0 = Release|Any CPU
		{9A80C18B-4F65-6A16-5CFC-1D51E5863D9A}.Debug|Any CPU.ActiveCfg = Debug|Any CPU
		{9A80C18B-4F65-6A16-5CFC-1D51E5863D9A}.Debug|Any CPU.Build.0 = Debug|Any CPU
		{9A80C18B-4F65-6A16-5CFC-1D51E5863D9A}.Debug|x64.ActiveCfg = Debug|Any CPU
		{9A80C18B-4F65-6A16-5CFC-1D51E5863D9A}.Debug|x64.Build.0 = Debug|Any CPU
		{9A80C18B-4F65-6A16-5CFC-1D51E5863D9A}.Debug|x86.ActiveCfg = Debug|Any CPU
		{9A80C18B-4F65-6A16-5CFC-1D51E5863D9A}.Debug|x86.Build.0 = Debug|Any CPU
		{9A80C18B-4F65-6A16-5CFC-1D51E5863D9A}.Release|Any CPU.ActiveCfg = Release|Any CPU
		{9A80C18B-4F65-6A16-5CFC-1D51E5863D9A}.Release|Any CPU.Build.0 = Release|Any CPU
		{9A80C18B-4F65-6A16-5CFC-1D51E5863D9A}.Release|x64.ActiveCfg = Release|Any CPU
		{9A80C18B-4F65-6A16-5CFC-1D51E5863D9A}.Release|x64.Build.0 = Release|Any CPU
		{9A80C18B-4F65-6A16-5CFC-1D51E5863D9A}.Release|x86.ActiveCfg = Release|Any CPU
		{9A80C18B-4F65-6A16-5CFC-1D51E5863D9A}.Release|x86.Build.0 = Release|Any CPU
		{027C30CF-45E3-47E5-BB06-F9504A7BCFFC}.Debug|Any CPU.ActiveCfg = Debug|Any CPU
		{027C30CF-45E3-47E5-BB06-F9504A7BCFFC}.Debug|Any CPU.Build.0 = Debug|Any CPU
		{027C30CF-45E3-47E5-BB06-F9504A7BCFFC}.Debug|x64.ActiveCfg = Debug|Any CPU
		{027C30CF-45E3-47E5-BB06-F9504A7BCFFC}.Debug|x64.Build.0 = Debug|Any CPU
		{027C30CF-45E3-47E5-BB06-F9504A7BCFFC}.Debug|x86.ActiveCfg = Debug|Any CPU
		{027C30CF-45E3-47E5-BB06-F9504A7BCFFC}.Debug|x86.Build.0 = Debug|Any CPU
		{027C30CF-45E3-47E5-BB06-F9504A7BCFFC}.Release|Any CPU.ActiveCfg = Release|Any CPU
		{027C30CF-45E3-47E5-BB06-F9504A7BCFFC}.Release|Any CPU.Build.0 = Release|Any CPU
		{027C30CF-45E3-47E5-BB06-F9504A7BCFFC}.Release|x64.ActiveCfg = Release|Any CPU
		{027C30CF-45E3-47E5-BB06-F9504A7BCFFC}.Release|x64.Build.0 = Release|Any CPU
		{027C30CF-45E3-47E5-BB06-F9504A7BCFFC}.Release|x86.ActiveCfg = Release|Any CPU
		{027C30CF-45E3-47E5-BB06-F9504A7BCFFC}.Release|x86.Build.0 = Release|Any CPU
		{229ACBB5-377D-472E-9083-469DC43ADA58}.Debug|Any CPU.ActiveCfg = Debug|Any CPU
		{229ACBB5-377D-472E-9083-469DC43ADA58}.Debug|Any CPU.Build.0 = Debug|Any CPU
		{229ACBB5-377D-472E-9083-469DC43ADA58}.Debug|x64.ActiveCfg = Debug|Any CPU
		{229ACBB5-377D-472E-9083-469DC43ADA58}.Debug|x64.Build.0 = Debug|Any CPU
		{229ACBB5-377D-472E-9083-469DC43ADA58}.Debug|x86.ActiveCfg = Debug|Any CPU
		{229ACBB5-377D-472E-9083-469DC43ADA58}.Debug|x86.Build.0 = Debug|Any CPU
		{229ACBB5-377D-472E-9083-469DC43ADA58}.Release|Any CPU.ActiveCfg = Release|Any CPU
		{229ACBB5-377D-472E-9083-469DC43ADA58}.Release|Any CPU.Build.0 = Release|Any CPU
		{229ACBB5-377D-472E-9083-469DC43ADA58}.Release|x64.ActiveCfg = Release|Any CPU
		{229ACBB5-377D-472E-9083-469DC43ADA58}.Release|x64.Build.0 = Release|Any CPU
		{229ACBB5-377D-472E-9083-469DC43ADA58}.Release|x86.ActiveCfg = Release|Any CPU
		{229ACBB5-377D-472E-9083-469DC43ADA58}.Release|x86.Build.0 = Release|Any CPU
		{ABD39406-5B02-467F-B4D3-910312A5B3EC}.Debug|Any CPU.ActiveCfg = Debug|Any CPU
		{ABD39406-5B02-467F-B4D3-910312A5B3EC}.Debug|Any CPU.Build.0 = Debug|Any CPU
		{ABD39406-5B02-467F-B4D3-910312A5B3EC}.Debug|x64.ActiveCfg = Debug|Any CPU
		{ABD39406-5B02-467F-B4D3-910312A5B3EC}.Debug|x64.Build.0 = Debug|Any CPU
		{ABD39406-5B02-467F-B4D3-910312A5B3EC}.Debug|x86.ActiveCfg = Debug|Any CPU
		{ABD39406-5B02-467F-B4D3-910312A5B3EC}.Debug|x86.Build.0 = Debug|Any CPU
		{ABD39406-5B02-467F-B4D3-910312A5B3EC}.Release|Any CPU.ActiveCfg = Release|Any CPU
		{ABD39406-5B02-467F-B4D3-910312A5B3EC}.Release|Any CPU.Build.0 = Release|Any CPU
		{ABD39406-5B02-467F-B4D3-910312A5B3EC}.Release|x64.ActiveCfg = Release|Any CPU
		{ABD39406-5B02-467F-B4D3-910312A5B3EC}.Release|x64.Build.0 = Release|Any CPU
		{ABD39406-5B02-467F-B4D3-910312A5B3EC}.Release|x86.ActiveCfg = Release|Any CPU
		{ABD39406-5B02-467F-B4D3-910312A5B3EC}.Release|x86.Build.0 = Release|Any CPU
		{3AE31FC2-AC6E-464C-AE12-9D3390988FCC}.Debug|Any CPU.ActiveCfg = Debug|Any CPU
		{3AE31FC2-AC6E-464C-AE12-9D3390988FCC}.Debug|Any CPU.Build.0 = Debug|Any CPU
		{3AE31FC2-AC6E-464C-AE12-9D3390988FCC}.Debug|x64.ActiveCfg = Debug|Any CPU
		{3AE31FC2-AC6E-464C-AE12-9D3390988FCC}.Debug|x64.Build.0 = Debug|Any CPU
		{3AE31FC2-AC6E-464C-AE12-9D3390988FCC}.Debug|x86.ActiveCfg = Debug|Any CPU
		{3AE31FC2-AC6E-464C-AE12-9D3390988FCC}.Debug|x86.Build.0 = Debug|Any CPU
		{3AE31FC2-AC6E-464C-AE12-9D3390988FCC}.Release|Any CPU.ActiveCfg = Release|Any CPU
		{3AE31FC2-AC6E-464C-AE12-9D3390988FCC}.Release|Any CPU.Build.0 = Release|Any CPU
		{3AE31FC2-AC6E-464C-AE12-9D3390988FCC}.Release|x64.ActiveCfg = Release|Any CPU
		{3AE31FC2-AC6E-464C-AE12-9D3390988FCC}.Release|x64.Build.0 = Release|Any CPU
		{3AE31FC2-AC6E-464C-AE12-9D3390988FCC}.Release|x86.ActiveCfg = Release|Any CPU
		{3AE31FC2-AC6E-464C-AE12-9D3390988FCC}.Release|x86.Build.0 = Release|Any CPU
		{AE58AB16-8430-6B18-7E02-05AF982C2EC3}.Debug|Any CPU.ActiveCfg = Debug|Any CPU
		{AE58AB16-8430-6B18-7E02-05AF982C2EC3}.Debug|Any CPU.Build.0 = Debug|Any CPU
		{AE58AB16-8430-6B18-7E02-05AF982C2EC3}.Debug|x64.ActiveCfg = Debug|Any CPU
		{AE58AB16-8430-6B18-7E02-05AF982C2EC3}.Debug|x64.Build.0 = Debug|Any CPU
		{AE58AB16-8430-6B18-7E02-05AF982C2EC3}.Debug|x86.ActiveCfg = Debug|Any CPU
		{AE58AB16-8430-6B18-7E02-05AF982C2EC3}.Debug|x86.Build.0 = Debug|Any CPU
		{AE58AB16-8430-6B18-7E02-05AF982C2EC3}.Release|Any CPU.ActiveCfg = Release|Any CPU
		{AE58AB16-8430-6B18-7E02-05AF982C2EC3}.Release|Any CPU.Build.0 = Release|Any CPU
		{AE58AB16-8430-6B18-7E02-05AF982C2EC3}.Release|x64.ActiveCfg = Release|Any CPU
		{AE58AB16-8430-6B18-7E02-05AF982C2EC3}.Release|x64.Build.0 = Release|Any CPU
		{AE58AB16-8430-6B18-7E02-05AF982C2EC3}.Release|x86.ActiveCfg = Release|Any CPU
		{AE58AB16-8430-6B18-7E02-05AF982C2EC3}.Release|x86.Build.0 = Release|Any CPU
		{35039EB8-6E5D-4114-B369-610B69E9001B}.Debug|Any CPU.ActiveCfg = Debug|Any CPU
		{35039EB8-6E5D-4114-B369-610B69E9001B}.Debug|Any CPU.Build.0 = Debug|Any CPU
		{35039EB8-6E5D-4114-B369-610B69E9001B}.Debug|x64.ActiveCfg = Debug|Any CPU
		{35039EB8-6E5D-4114-B369-610B69E9001B}.Debug|x64.Build.0 = Debug|Any CPU
		{35039EB8-6E5D-4114-B369-610B69E9001B}.Debug|x86.ActiveCfg = Debug|Any CPU
		{35039EB8-6E5D-4114-B369-610B69E9001B}.Debug|x86.Build.0 = Debug|Any CPU
		{35039EB8-6E5D-4114-B369-610B69E9001B}.Release|Any CPU.ActiveCfg = Release|Any CPU
		{35039EB8-6E5D-4114-B369-610B69E9001B}.Release|Any CPU.Build.0 = Release|Any CPU
		{35039EB8-6E5D-4114-B369-610B69E9001B}.Release|x64.ActiveCfg = Release|Any CPU
		{35039EB8-6E5D-4114-B369-610B69E9001B}.Release|x64.Build.0 = Release|Any CPU
		{35039EB8-6E5D-4114-B369-610B69E9001B}.Release|x86.ActiveCfg = Release|Any CPU
		{35039EB8-6E5D-4114-B369-610B69E9001B}.Release|x86.Build.0 = Release|Any CPU
	EndGlobalSection
	GlobalSection(SolutionProperties) = preSolution
		HideSolutionNode = FALSE
	EndGlobalSection
	GlobalSection(ExtensibilityGlobals) = postSolution
		SolutionGuid = {8E940615-1380-4EEB-96F7-018F50FE291A}
	EndGlobalSection
EndGlobal
